// !$*UTF8*$!
{
	archiveVersion = 1;
	classes = {
	};
	objectVersion = 48;
	objects = {

/* Begin PBXBuildFile section */
		9008DC3E1FCEF36D00518A92 /* Charts.framework in Frameworks */ = {isa = PBXBuildFile; fileRef = 9008DC3B1FCEF36400518A92 /* Charts.framework */; };
		9008DC3F1FCEF36D00518A92 /* Charts.framework in Embed Frameworks */ = {isa = PBXBuildFile; fileRef = 9008DC3B1FCEF36400518A92 /* Charts.framework */; settings = {ATTRIBUTES = (CodeSignOnCopy, RemoveHeadersOnCopy, ); }; };
		9008DC431FCEF44A00518A92 /* ChartsViewController.swift in Sources */ = {isa = PBXBuildFile; fileRef = 9008DC421FCEF44A00518A92 /* ChartsViewController.swift */; };
		902ED8DC1FCD4E8900BB43B3 /* AppDelegate.swift in Sources */ = {isa = PBXBuildFile; fileRef = 902ED8DB1FCD4E8900BB43B3 /* AppDelegate.swift */; };
		902ED8E11FCD4E8900BB43B3 /* Main.storyboard in Resources */ = {isa = PBXBuildFile; fileRef = 902ED8DF1FCD4E8900BB43B3 /* Main.storyboard */; };
		902ED8E41FCD4E8900BB43B3 /* WalletS.xcdatamodeld in Sources */ = {isa = PBXBuildFile; fileRef = 902ED8E21FCD4E8900BB43B3 /* WalletS.xcdatamodeld */; };
		902ED8E91FCD4E8900BB43B3 /* LaunchScreen.storyboard in Resources */ = {isa = PBXBuildFile; fileRef = 902ED8E71FCD4E8900BB43B3 /* LaunchScreen.storyboard */; };
		902ED8F11FCD62DA00BB43B3 /* WalletViewController.swift in Sources */ = {isa = PBXBuildFile; fileRef = 902ED8F01FCD62DA00BB43B3 /* WalletViewController.swift */; };
		903665A31FD300FD00D2BE18 /* DataManager.swift in Sources */ = {isa = PBXBuildFile; fileRef = 903665A21FD300FD00D2BE18 /* DataManager.swift */; };
		908096D21FCD741C00770405 /* TransactionViewController.swift in Sources */ = {isa = PBXBuildFile; fileRef = 908096D11FCD741C00770405 /* TransactionViewController.swift */; };
		90933D0A1FD2A22500BEB3B9 /* Assets.xcassets in Resources */ = {isa = PBXBuildFile; fileRef = 90933D091FD2A22500BEB3B9 /* Assets.xcassets */; };
		90EB03821FCDF5C700874AE2 /* ModifyTransactionViewController.swift in Sources */ = {isa = PBXBuildFile; fileRef = 90EB03811FCDF5C700874AE2 /* ModifyTransactionViewController.swift */; };
		90F3FD001FD2E95C0086825A /* SummaryViewController.swift in Sources */ = {isa = PBXBuildFile; fileRef = 90F3FCFF1FD2E95C0086825A /* SummaryViewController.swift */; };
/* End PBXBuildFile section */

/* Begin PBXContainerItemProxy section */
		9008DC3A1FCEF36400518A92 /* PBXContainerItemProxy */ = {
			isa = PBXContainerItemProxy;
			containerPortal = 9008DC351FCEF36400518A92 /* Charts.xcodeproj */;
			proxyType = 2;
			remoteGlobalIDString = 65AD9E95D9ED4DC0BD73A743;
			remoteInfo = Charts;
		};
		9008DC3C1FCEF36400518A92 /* PBXContainerItemProxy */ = {
			isa = PBXContainerItemProxy;
			containerPortal = 9008DC351FCEF36400518A92 /* Charts.xcodeproj */;
			proxyType = 2;
			remoteGlobalIDString = 1CBBC58C6CE1EBEE9852CE41;
			remoteInfo = ChartsTests;
		};
		9008DC401FCEF36D00518A92 /* PBXContainerItemProxy */ = {
			isa = PBXContainerItemProxy;
			containerPortal = 9008DC351FCEF36400518A92 /* Charts.xcodeproj */;
			proxyType = 1;
			remoteGlobalIDString = A58A4ED274A941CA248EA921;
			remoteInfo = Charts;
		};
/* End PBXContainerItemProxy section */

/* Begin PBXCopyFilesBuildPhase section */
		9008DC341FCEF1C800518A92 /* Embed Frameworks */ = {
			isa = PBXCopyFilesBuildPhase;
			buildActionMask = 2147483647;
			dstPath = "";
			dstSubfolderSpec = 10;
			files = (
				9008DC3F1FCEF36D00518A92 /* Charts.framework in Embed Frameworks */,
			);
			name = "Embed Frameworks";
			runOnlyForDeploymentPostprocessing = 0;
		};
/* End PBXCopyFilesBuildPhase section */

/* Begin PBXFileReference section */
		9008DC351FCEF36400518A92 /* Charts.xcodeproj */ = {isa = PBXFileReference; lastKnownFileType = "wrapper.pb-project"; name = Charts.xcodeproj; path = Charts/Charts.xcodeproj; sourceTree = "<group>"; };
		9008DC421FCEF44A00518A92 /* ChartsViewController.swift */ = {isa = PBXFileReference; lastKnownFileType = sourcecode.swift; path = ChartsViewController.swift; sourceTree = "<group>"; };
		902ED8D81FCD4E8900BB43B3 /* WalletS.app */ = {isa = PBXFileReference; explicitFileType = wrapper.application; includeInIndex = 0; path = WalletS.app; sourceTree = BUILT_PRODUCTS_DIR; };
		902ED8DB1FCD4E8900BB43B3 /* AppDelegate.swift */ = {isa = PBXFileReference; lastKnownFileType = sourcecode.swift; path = AppDelegate.swift; sourceTree = "<group>"; };
		902ED8E01FCD4E8900BB43B3 /* Base */ = {isa = PBXFileReference; lastKnownFileType = file.storyboard; name = Base; path = Base.lproj/Main.storyboard; sourceTree = "<group>"; };
		902ED8E31FCD4E8900BB43B3 /* WalletS.xcdatamodel */ = {isa = PBXFileReference; lastKnownFileType = wrapper.xcdatamodel; path = WalletS.xcdatamodel; sourceTree = "<group>"; };
		902ED8E81FCD4E8900BB43B3 /* Base */ = {isa = PBXFileReference; lastKnownFileType = file.storyboard; name = Base; path = Base.lproj/LaunchScreen.storyboard; sourceTree = "<group>"; };
		902ED8EA1FCD4E8900BB43B3 /* Info.plist */ = {isa = PBXFileReference; lastKnownFileType = text.plist.xml; path = Info.plist; sourceTree = "<group>"; };
		902ED8F01FCD62DA00BB43B3 /* WalletViewController.swift */ = {isa = PBXFileReference; lastKnownFileType = sourcecode.swift; path = WalletViewController.swift; sourceTree = "<group>"; };
		903665A21FD300FD00D2BE18 /* DataManager.swift */ = {isa = PBXFileReference; lastKnownFileType = sourcecode.swift; path = DataManager.swift; sourceTree = "<group>"; };
		908096D11FCD741C00770405 /* TransactionViewController.swift */ = {isa = PBXFileReference; lastKnownFileType = sourcecode.swift; path = TransactionViewController.swift; sourceTree = "<group>"; };
		90933D091FD2A22500BEB3B9 /* Assets.xcassets */ = {isa = PBXFileReference; lastKnownFileType = folder.assetcatalog; path = Assets.xcassets; sourceTree = "<group>"; };
		90EB03811FCDF5C700874AE2 /* ModifyTransactionViewController.swift */ = {isa = PBXFileReference; lastKnownFileType = sourcecode.swift; path = ModifyTransactionViewController.swift; sourceTree = "<group>"; };
		90F3FCFF1FD2E95C0086825A /* SummaryViewController.swift */ = {isa = PBXFileReference; lastKnownFileType = sourcecode.swift; path = SummaryViewController.swift; sourceTree = "<group>"; };
/* End PBXFileReference section */

/* Begin PBXFrameworksBuildPhase section */
		902ED8D51FCD4E8900BB43B3 /* Frameworks */ = {
			isa = PBXFrameworksBuildPhase;
			buildActionMask = 2147483647;
			files = (
				9008DC3E1FCEF36D00518A92 /* Charts.framework in Frameworks */,
			);
			runOnlyForDeploymentPostprocessing = 0;
		};
/* End PBXFrameworksBuildPhase section */

/* Begin PBXGroup section */
		9008DC361FCEF36400518A92 /* Products */ = {
			isa = PBXGroup;
			children = (
				9008DC3B1FCEF36400518A92 /* Charts.framework */,
				9008DC3D1FCEF36400518A92 /* ChartsTests.xctest */,
			);
			name = Products;
			sourceTree = "<group>";
		};
		902ED8CF1FCD4E8900BB43B3 = {
			isa = PBXGroup;
			children = (
				902ED8DA1FCD4E8900BB43B3 /* WalletS */,
				902ED8D91FCD4E8900BB43B3 /* Products */,
				9008DC351FCEF36400518A92 /* Charts.xcodeproj */,
			);
			sourceTree = "<group>";
		};
		902ED8D91FCD4E8900BB43B3 /* Products */ = {
			isa = PBXGroup;
			children = (
				902ED8D81FCD4E8900BB43B3 /* WalletS.app */,
			);
			name = Products;
			sourceTree = "<group>";
		};
		902ED8DA1FCD4E8900BB43B3 /* WalletS */ = {
			isa = PBXGroup;
			children = (
				903665A21FD300FD00D2BE18 /* DataManager.swift */,
				9008DC421FCEF44A00518A92 /* ChartsViewController.swift */,
				902ED8F01FCD62DA00BB43B3 /* WalletViewController.swift */,
				902ED8DB1FCD4E8900BB43B3 /* AppDelegate.swift */,
				902ED8DF1FCD4E8900BB43B3 /* Main.storyboard */,
				90F3FCFF1FD2E95C0086825A /* SummaryViewController.swift */,
				908096D11FCD741C00770405 /* TransactionViewController.swift */,
				90EB03811FCDF5C700874AE2 /* ModifyTransactionViewController.swift */,
				90933D091FD2A22500BEB3B9 /* Assets.xcassets */,
				902ED8E71FCD4E8900BB43B3 /* LaunchScreen.storyboard */,
				902ED8EA1FCD4E8900BB43B3 /* Info.plist */,
				902ED8E21FCD4E8900BB43B3 /* WalletS.xcdatamodeld */,
			);
			path = WalletS;
			sourceTree = "<group>";
		};
/* End PBXGroup section */

/* Begin PBXNativeTarget section */
		902ED8D71FCD4E8900BB43B3 /* WalletS */ = {
			isa = PBXNativeTarget;
			buildConfigurationList = 902ED8ED1FCD4E8900BB43B3 /* Build configuration list for PBXNativeTarget "WalletS" */;
			buildPhases = (
				902ED8D41FCD4E8900BB43B3 /* Sources */,
				902ED8D51FCD4E8900BB43B3 /* Frameworks */,
				902ED8D61FCD4E8900BB43B3 /* Resources */,
				9008DC341FCEF1C800518A92 /* Embed Frameworks */,
			);
			buildRules = (
			);
			dependencies = (
				9008DC411FCEF36D00518A92 /* PBXTargetDependency */,
			);
			name = WalletS;
			productName = WalletS;
			productReference = 902ED8D81FCD4E8900BB43B3 /* WalletS.app */;
			productType = "com.apple.product-type.application";
		};
/* End PBXNativeTarget section */

/* Begin PBXProject section */
		902ED8D01FCD4E8900BB43B3 /* Project object */ = {
			isa = PBXProject;
			attributes = {
				LastSwiftUpdateCheck = 0910;
				LastUpgradeCheck = 0910;
				ORGANIZATIONNAME = krisztianbenda;
				TargetAttributes = {
					902ED8D71FCD4E8900BB43B3 = {
						CreatedOnToolsVersion = 9.1;
						ProvisioningStyle = Automatic;
					};
				};
			};
			buildConfigurationList = 902ED8D31FCD4E8900BB43B3 /* Build configuration list for PBXProject "WalletS" */;
			compatibilityVersion = "Xcode 8.0";
			developmentRegion = en;
			hasScannedForEncodings = 0;
			knownRegions = (
				en,
				Base,
			);
			mainGroup = 902ED8CF1FCD4E8900BB43B3;
			productRefGroup = 902ED8D91FCD4E8900BB43B3 /* Products */;
			projectDirPath = "";
			projectReferences = (
				{
					ProductGroup = 9008DC361FCEF36400518A92 /* Products */;
					ProjectRef = 9008DC351FCEF36400518A92 /* Charts.xcodeproj */;
				},
			);
			projectRoot = "";
			targets = (
				902ED8D71FCD4E8900BB43B3 /* WalletS */,
			);
		};
/* End PBXProject section */

/* Begin PBXReferenceProxy section */
		9008DC3B1FCEF36400518A92 /* Charts.framework */ = {
			isa = PBXReferenceProxy;
			fileType = wrapper.framework;
			path = Charts.framework;
			remoteRef = 9008DC3A1FCEF36400518A92 /* PBXContainerItemProxy */;
			sourceTree = BUILT_PRODUCTS_DIR;
		};
		9008DC3D1FCEF36400518A92 /* ChartsTests.xctest */ = {
			isa = PBXReferenceProxy;
			fileType = wrapper.cfbundle;
			path = ChartsTests.xctest;
			remoteRef = 9008DC3C1FCEF36400518A92 /* PBXContainerItemProxy */;
			sourceTree = BUILT_PRODUCTS_DIR;
		};
/* End PBXReferenceProxy section */

/* Begin PBXResourcesBuildPhase section */
		902ED8D61FCD4E8900BB43B3 /* Resources */ = {
			isa = PBXResourcesBuildPhase;
			buildActionMask = 2147483647;
			files = (
				902ED8E91FCD4E8900BB43B3 /* LaunchScreen.storyboard in Resources */,
				90933D0A1FD2A22500BEB3B9 /* Assets.xcassets in Resources */,
				902ED8E11FCD4E8900BB43B3 /* Main.storyboard in Resources */,
			);
			runOnlyForDeploymentPostprocessing = 0;
		};
/* End PBXResourcesBuildPhase section */

/* Begin PBXSourcesBuildPhase section */
		902ED8D41FCD4E8900BB43B3 /* Sources */ = {
			isa = PBXSourcesBuildPhase;
			buildActionMask = 2147483647;
			files = (
				908096D21FCD741C00770405 /* TransactionViewController.swift in Sources */,
				903665A31FD300FD00D2BE18 /* DataManager.swift in Sources */,
				902ED8E41FCD4E8900BB43B3 /* WalletS.xcdatamodeld in Sources */,
				90EB03821FCDF5C700874AE2 /* ModifyTransactionViewController.swift in Sources */,
				9008DC431FCEF44A00518A92 /* ChartsViewController.swift in Sources */,
				902ED8F11FCD62DA00BB43B3 /* WalletViewController.swift in Sources */,
				90F3FD001FD2E95C0086825A /* SummaryViewController.swift in Sources */,
				902ED8DC1FCD4E8900BB43B3 /* AppDelegate.swift in Sources */,
			);
			runOnlyForDeploymentPostprocessing = 0;
		};
/* End PBXSourcesBuildPhase section */

/* Begin PBXTargetDependency section */
		9008DC411FCEF36D00518A92 /* PBXTargetDependency */ = {
			isa = PBXTargetDependency;
			name = Charts;
			targetProxy = 9008DC401FCEF36D00518A92 /* PBXContainerItemProxy */;
		};
/* End PBXTargetDependency section */

/* Begin PBXVariantGroup section */
		902ED8DF1FCD4E8900BB43B3 /* Main.storyboard */ = {
			isa = PBXVariantGroup;
			children = (
				902ED8E01FCD4E8900BB43B3 /* Base */,
			);
			name = Main.storyboard;
			sourceTree = "<group>";
		};
		902ED8E71FCD4E8900BB43B3 /* LaunchScreen.storyboard */ = {
			isa = PBXVariantGroup;
			children = (
				902ED8E81FCD4E8900BB43B3 /* Base */,
			);
			name = LaunchScreen.storyboard;
			sourceTree = "<group>";
		};
/* End PBXVariantGroup section */

/* Begin XCBuildConfiguration section */
		902ED8EB1FCD4E8900BB43B3 /* Debug */ = {
			isa = XCBuildConfiguration;
			buildSettings = {
				ALWAYS_SEARCH_USER_PATHS = NO;
				CLANG_ANALYZER_NONNULL = YES;
				CLANG_ANALYZER_NUMBER_OBJECT_CONVERSION = YES_AGGRESSIVE;
				CLANG_CXX_LANGUAGE_STANDARD = "gnu++14";
				CLANG_CXX_LIBRARY = "libc++";
				CLANG_ENABLE_MODULES = YES;
				CLANG_ENABLE_OBJC_ARC = YES;
				CLANG_WARN_BLOCK_CAPTURE_AUTORELEASING = YES;
				CLANG_WARN_BOOL_CONVERSION = YES;
				CLANG_WARN_COMMA = YES;
				CLANG_WARN_CONSTANT_CONVERSION = YES;
				CLANG_WARN_DIRECT_OBJC_ISA_USAGE = YES_ERROR;
				CLANG_WARN_DOCUMENTATION_COMMENTS = YES;
				CLANG_WARN_EMPTY_BODY = YES;
				CLANG_WARN_ENUM_CONVERSION = YES;
				CLANG_WARN_INFINITE_RECURSION = YES;
				CLANG_WARN_INT_CONVERSION = YES;
				CLANG_WARN_NON_LITERAL_NULL_CONVERSION = YES;
				CLANG_WARN_OBJC_LITERAL_CONVERSION = YES;
				CLANG_WARN_OBJC_ROOT_CLASS = YES_ERROR;
				CLANG_WARN_RANGE_LOOP_ANALYSIS = YES;
				CLANG_WARN_STRICT_PROTOTYPES = YES;
				CLANG_WARN_SUSPICIOUS_MOVE = YES;
				CLANG_WARN_UNGUARDED_AVAILABILITY = YES_AGGRESSIVE;
				CLANG_WARN_UNREACHABLE_CODE = YES;
				CLANG_WARN__DUPLICATE_METHOD_MATCH = YES;
				CODE_SIGN_IDENTITY = "iPhone Developer";
				COPY_PHASE_STRIP = NO;
				DEBUG_INFORMATION_FORMAT = dwarf;
				ENABLE_STRICT_OBJC_MSGSEND = YES;
				ENABLE_TESTABILITY = YES;
				GCC_C_LANGUAGE_STANDARD = gnu11;
				GCC_DYNAMIC_NO_PIC = NO;
				GCC_NO_COMMON_BLOCKS = YES;
				GCC_OPTIMIZATION_LEVEL = 0;
				GCC_PREPROCESSOR_DEFINITIONS = (
					"DEBUG=1",
					"$(inherited)",
				);
				GCC_WARN_64_TO_32_BIT_CONVERSION = YES;
				GCC_WARN_ABOUT_RETURN_TYPE = YES_ERROR;
				GCC_WARN_UNDECLARED_SELECTOR = YES;
				GCC_WARN_UNINITIALIZED_AUTOS = YES_AGGRESSIVE;
				GCC_WARN_UNUSED_FUNCTION = YES;
				GCC_WARN_UNUSED_VARIABLE = YES;
				IPHONEOS_DEPLOYMENT_TARGET = 11.1;
				MTL_ENABLE_DEBUG_INFO = YES;
				ONLY_ACTIVE_ARCH = YES;
				SDKROOT = iphoneos;
				SWIFT_ACTIVE_COMPILATION_CONDITIONS = DEBUG;
				SWIFT_OPTIMIZATION_LEVEL = "-Onone";
			};
			name = Debug;
		};
		902ED8EC1FCD4E8900BB43B3 /* Release */ = {
			isa = XCBuildConfiguration;
			buildSettings = {
				ALWAYS_SEARCH_USER_PATHS = NO;
				CLANG_ANALYZER_NONNULL = YES;
				CLANG_ANALYZER_NUMBER_OBJECT_CONVERSION = YES_AGGRESSIVE;
				CLANG_CXX_LANGUAGE_STANDARD = "gnu++14";
				CLANG_CXX_LIBRARY = "libc++";
				CLANG_ENABLE_MODULES = YES;
				CLANG_ENABLE_OBJC_ARC = YES;
				CLANG_WARN_BLOCK_CAPTURE_AUTORELEASING = YES;
				CLANG_WARN_BOOL_CONVERSION = YES;
				CLANG_WARN_COMMA = YES;
				CLANG_WARN_CONSTANT_CONVERSION = YES;
				CLANG_WARN_DIRECT_OBJC_ISA_USAGE = YES_ERROR;
				CLANG_WARN_DOCUMENTATION_COMMENTS = YES;
				CLANG_WARN_EMPTY_BODY = YES;
				CLANG_WARN_ENUM_CONVERSION = YES;
				CLANG_WARN_INFINITE_RECURSION = YES;
				CLANG_WARN_INT_CONVERSION = YES;
				CLANG_WARN_NON_LITERAL_NULL_CONVERSION = YES;
				CLANG_WARN_OBJC_LITERAL_CONVERSION = YES;
				CLANG_WARN_OBJC_ROOT_CLASS = YES_ERROR;
				CLANG_WARN_RANGE_LOOP_ANALYSIS = YES;
				CLANG_WARN_STRICT_PROTOTYPES = YES;
				CLANG_WARN_SUSPICIOUS_MOVE = YES;
				CLANG_WARN_UNGUARDED_AVAILABILITY = YES_AGGRESSIVE;
				CLANG_WARN_UNREACHABLE_CODE = YES;
				CLANG_WARN__DUPLICATE_METHOD_MATCH = YES;
				CODE_SIGN_IDENTITY = "iPhone Developer";
				COPY_PHASE_STRIP = NO;
				DEBUG_INFORMATION_FORMAT = "dwarf-with-dsym";
				ENABLE_NS_ASSERTIONS = NO;
				ENABLE_STRICT_OBJC_MSGSEND = YES;
				GCC_C_LANGUAGE_STANDARD = gnu11;
				GCC_NO_COMMON_BLOCKS = YES;
				GCC_WARN_64_TO_32_BIT_CONVERSION = YES;
				GCC_WARN_ABOUT_RETURN_TYPE = YES_ERROR;
				GCC_WARN_UNDECLARED_SELECTOR = YES;
				GCC_WARN_UNINITIALIZED_AUTOS = YES_AGGRESSIVE;
				GCC_WARN_UNUSED_FUNCTION = YES;
				GCC_WARN_UNUSED_VARIABLE = YES;
				IPHONEOS_DEPLOYMENT_TARGET = 11.1;
				MTL_ENABLE_DEBUG_INFO = NO;
				SDKROOT = iphoneos;
				SWIFT_OPTIMIZATION_LEVEL = "-Owholemodule";
				VALIDATE_PRODUCT = YES;
			};
			name = Release;
		};
		902ED8EE1FCD4E8900BB43B3 /* Debug */ = {
			isa = XCBuildConfiguration;
			buildSettings = {
				ALWAYS_EMBED_SWIFT_STANDARD_LIBRARIES = YES;
				ASSETCATALOG_COMPILER_APPICON_NAME = AppIcon;
				CODE_SIGN_STYLE = Automatic;
				DEVELOPMENT_TEAM = 478U8463GU;
				INFOPLIST_FILE = WalletS/Info.plist;
				LD_RUNPATH_SEARCH_PATHS = "$(inherited) @executable_path/Frameworks";
				PRODUCT_BUNDLE_IDENTIFIER = hu.krisztianbenda.WalletS;
				PRODUCT_NAME = "$(TARGET_NAME)";
				SWIFT_VERSION = 4.0;
				TARGETED_DEVICE_FAMILY = 1;
			};
			name = Debug;
		};
		902ED8EF1FCD4E8900BB43B3 /* Release */ = {
			isa = XCBuildConfiguration;
			buildSettings = {
				ALWAYS_EMBED_SWIFT_STANDARD_LIBRARIES = YES;
				ASSETCATALOG_COMPILER_APPICON_NAME = AppIcon;
				CODE_SIGN_STYLE = Automatic;
				DEVELOPMENT_TEAM = 478U8463GU;
				INFOPLIST_FILE = WalletS/Info.plist;
				LD_RUNPATH_SEARCH_PATHS = "$(inherited) @executable_path/Frameworks";
				PRODUCT_BUNDLE_IDENTIFIER = hu.krisztianbenda.WalletS;
				PRODUCT_NAME = "$(TARGET_NAME)";
				SWIFT_VERSION = 4.0;
				TARGETED_DEVICE_FAMILY = 1;
			};
			name = Release;
		};
/* End XCBuildConfiguration section */

/* Begin XCConfigurationList section */
		902ED8D31FCD4E8900BB43B3 /* Build configuration list for PBXProject "WalletS" */ = {
			isa = XCConfigurationList;
			buildConfigurations = (
				902ED8EB1FCD4E8900BB43B3 /* Debug */,
				902ED8EC1FCD4E8900BB43B3 /* Release */,
			);
			defaultConfigurationIsVisible = 0;
			defaultConfigurationName = Release;
		};
		902ED8ED1FCD4E8900BB43B3 /* Build configuration list for PBXNativeTarget "WalletS" */ = {
			isa = XCConfigurationList;
			buildConfigurations = (
				902ED8EE1FCD4E8900BB43B3 /* Debug */,
				902ED8EF1FCD4E8900BB43B3 /* Release */,
			);
			defaultConfigurationIsVisible = 0;
			defaultConfigurationName = Release;
		};
/* End XCConfigurationList section */

/* Begin XCVersionGroup section */
		902ED8E21FCD4E8900BB43B3 /* WalletS.xcdatamodeld */ = {
			isa = XCVersionGroup;
			children = (
				902ED8E31FCD4E8900BB43B3 /* WalletS.xcdatamodel */,
			);
			currentVersion = 902ED8E31FCD4E8900BB43B3 /* WalletS.xcdatamodel */;
			path = WalletS.xcdatamodeld;
			sourceTree = "<group>";
			versionGroupType = wrapper.xcdatamodel;
		};
/* End XCVersionGroup section */
	};
	rootObject = 902ED8D01FCD4E8900BB43B3 /* Project object */;
}
